
Microsoft Visual Studio Solution File, Format Version 12.00
# Visual Studio Version 17
VisualStudioVersion = 17.10.35122.118
MinimumVisualStudioVersion = 10.0.40219.1
Project("{9A19103F-16F7-4668-BE54-9A1E7A4F7556}") = "KocBank", "KocBank.csproj", "{87AFCF72-9011-4A64-9A91-07D8522F823A}"
EndProject
Global
	GlobalSection(SolutionConfigurationPlatforms) = preSolution
		Debug|Any CPU = Debug|Any CPU
		Release|Any CPU = Release|Any CPU
	EndGlobalSection
	GlobalSection(ProjectConfigurationPlatforms) = postSolution
		{87AFCF72-9011-4A64-9A91-07D8522F823A}.Debug|Any CPU.ActiveCfg = Debug|Any CPU
		{87AFCF72-9011-4A64-9A91-07D8522F823A}.Debug|Any CPU.Build.0 = Debug|Any CPU
		{87AFCF72-9011-4A64-9A91-07D8522F823A}.Release|Any CPU.ActiveCfg = Release|Any CPU
		{87AFCF72-9011-4A64-9A91-07D8522F823A}.Release|Any CPU.Build.0 = Release|Any CPU
	EndGlobalSection
	GlobalSection(SolutionProperties) = preSolution
		HideSolutionNode = FALSE
	EndGlobalSection
	GlobalSection(ExtensibilityGlobals) = postSolution
		SolutionGuid = {826F093D-96B8-4373-98B1-2C200835630E}
	EndGlobalSection
EndGlobal
